// !$*UTF8*$!
{
	archiveVersion = 1;
	classes = {
	};
	objectVersion = 50;
	objects = {

/* Begin PBXBuildFile section */
		FC7A0DDE2395206D00AD7FD1 /* AppDelegate.swift in Sources */ = {isa = PBXBuildFile; fileRef = FC7A0DDD2395206D00AD7FD1 /* AppDelegate.swift */; };
		FC7A0DE02395206D00AD7FD1 /* SceneDelegate.swift in Sources */ = {isa = PBXBuildFile; fileRef = FC7A0DDF2395206D00AD7FD1 /* SceneDelegate.swift */; };
		FC7A0DE22395206D00AD7FD1 /* ContentView.swift in Sources */ = {isa = PBXBuildFile; fileRef = FC7A0DE12395206D00AD7FD1 /* ContentView.swift */; };
		FC7A0DE42395207300AD7FD1 /* Assets.xcassets in Resources */ = {isa = PBXBuildFile; fileRef = FC7A0DE32395207300AD7FD1 /* Assets.xcassets */; };
		FC7A0DE72395207300AD7FD1 /* Preview Assets.xcassets in Resources */ = {isa = PBXBuildFile; fileRef = FC7A0DE62395207300AD7FD1 /* Preview Assets.xcassets */; };
		FC7A0DEA2395207300AD7FD1 /* LaunchScreen.storyboard in Resources */ = {isa = PBXBuildFile; fileRef = FC7A0DE82395207300AD7FD1 /* LaunchScreen.storyboard */; };
/* End PBXBuildFile section */

/* Begin PBXFileReference section */
		FC7A0DDA2395206D00AD7FD1 /* SwiftUI_State.app */ = {isa = PBXFileReference; explicitFileType = wrapper.application; includeInIndex = 0; path = SwiftUI_State.app; sourceTree = BUILT_PRODUCTS_DIR; };
		FC7A0DDD2395206D00AD7FD1 /* AppDelegate.swift */ = {isa = PBXFileReference; lastKnownFileType = sourcecode.swift; path = AppDelegate.swift; sourceTree = "<group>"; };
		FC7A0DDF2395206D00AD7FD1 /* SceneDelegate.swift */ = {isa = PBXFileReference; lastKnownFileType = sourcecode.swift; path = SceneDelegate.swift; sourceTree = "<group>"; };
		FC7A0DE12395206D00AD7FD1 /* ContentView.swift */ = {isa = PBXFileReference; lastKnownFileType = sourcecode.swift; path = ContentView.swift; sourceTree = "<group>"; };
		FC7A0DE32395207300AD7FD1 /* Assets.xcassets */ = {isa = PBXFileReference; lastKnownFileType = folder.assetcatalog; path = Assets.xcassets; sourceTree = "<group>"; };
		FC7A0DE62395207300AD7FD1 /* Preview Assets.xcassets */ = {isa = PBXFileReference; lastKnownFileType = folder.assetcatalog; path = "Preview Assets.xcassets"; sourceTree = "<group>"; };
		FC7A0DE92395207300AD7FD1 /* Base */ = {isa = PBXFileReference; lastKnownFileType = file.storyboard; name = Base; path = Base.lproj/LaunchScreen.storyboard; sourceTree = "<group>"; };
		FC7A0DEB2395207300AD7FD1 /* Info.plist */ = {isa = PBXFileReference; lastKnownFileType = text.plist.xml; path = Info.plist; sourceTree = "<group>"; };
/* End PBXFileReference section */

/* Begin PBXFrameworksBuildPhase section */
		FC7A0DD72395206D00AD7FD1 /* Frameworks */ = {
			isa = PBXFrameworksBuildPhase;
			buildActionMask = 2147483647;
			files = (
			);
			runOnlyForDeploymentPostprocessing = 0;
		};
/* End PBXFrameworksBuildPhase section */

/* Begin PBXGroup section */
		FC7A0DD12395206D00AD7FD1 = {
			isa = PBXGroup;
			children = (
				FC7A0DDC2395206D00AD7FD1 /* SwiftUI_State */,
				FC7A0DDB2395206D00AD7FD1 /* Products */,
			);
			sourceTree = "<group>";
		};
		FC7A0DDB2395206D00AD7FD1 /* Products */ = {
			isa = PBXGroup;
			children = (
				FC7A0DDA2395206D00AD7FD1 /* SwiftUI_State.app */,
			);
			name = Products;
			sourceTree = "<group>";
		};
		FC7A0DDC2395206D00AD7FD1 /* SwiftUI_State */ = {
			isa = PBXGroup;
			children = (
				FC7A0DDD2395206D00AD7FD1 /* AppDelegate.swift */,
				FC7A0DDF2395206D00AD7FD1 /* SceneDelegate.swift */,
				FC7A0DE12395206D00AD7FD1 /* ContentView.swift */,
				FC7A0DE32395207300AD7FD1 /* Assets.xcassets */,
				FC7A0DE82395207300AD7FD1 /* LaunchScreen.storyboard */,
				FC7A0DEB2395207300AD7FD1 /* Info.plist */,
				FC7A0DE52395207300AD7FD1 /* Preview Content */,
			);
			path = SwiftUI_State;
			sourceTree = "<group>";
		};
		FC7A0DE52395207300AD7FD1 /* Preview Content */ = {
			isa = PBXGroup;
			children = (
				FC7A0DE62395207300AD7FD1 /* Preview Assets.xcassets */,
			);
			path = "Preview Content";
			sourceTree = "<group>";
		};
/* End PBXGroup section */

/* Begin PBXNativeTarget section */
		FC7A0DD92395206D00AD7FD1 /* SwiftUI_State */ = {
			isa = PBXNativeTarget;
			buildConfigurationList = FC7A0DEE2395207300AD7FD1 /* Build configuration list for PBXNativeTarget "SwiftUI_State" */;
			buildPhases = (
				FC7A0DD62395206D00AD7FD1 /* Sources */,
				FC7A0DD72395206D00AD7FD1 /* Frameworks */,
				FC7A0DD82395206D00AD7FD1 /* Resources */,
			);
			buildRules = (
			);
			dependencies = (
			);
			name = SwiftUI_State;
			productName = SwiftUI_State;
			productReference = FC7A0DDA2395206D00AD7FD1 /* SwiftUI_State.app */;
			productType = "com.apple.product-type.application";
		};
/* End PBXNativeTarget section */

/* Begin PBXProject section */
		FC7A0DD22395206D00AD7FD1 /* Project object */ = {
			isa = PBXProject;
			attributes = {
				LastSwiftUpdateCheck = 1120;
				LastUpgradeCheck = 1120;
				ORGANIZATIONNAME = "Luc Derosne";
				TargetAttributes = {
					FC7A0DD92395206D00AD7FD1 = {
						CreatedOnToolsVersion = 11.2.1;
					};
				};
			};
			buildConfigurationList = FC7A0DD52395206D00AD7FD1 /* Build configuration list for PBXProject "SwiftUI_State" */;
			compatibilityVersion = "Xcode 9.3";
			developmentRegion = en;
			hasScannedForEncodings = 0;
			knownRegions = (
				en,
				Base,
			);
			mainGroup = FC7A0DD12395206D00AD7FD1;
			productRefGroup = FC7A0DDB2395206D00AD7FD1 /* Products */;
			projectDirPath = "";
			projectRoot = "";
			targets = (
				FC7A0DD92395206D00AD7FD1 /* SwiftUI_State */,
			);
		};
/* End PBXProject section */

/* Begin PBXResourcesBuildPhase section */
		FC7A0DD82395206D00AD7FD1 /* Resources */ = {
			isa = PBXResourcesBuildPhase;
			buildActionMask = 2147483647;
			files = (
				FC7A0DEA2395207300AD7FD1 /* LaunchScreen.storyboard in Resources */,
				FC7A0DE72395207300AD7FD1 /* Preview Assets.xcassets in Resources */,
				FC7A0DE42395207300AD7FD1 /* Assets.xcassets in Resources */,
			);
			runOnlyForDeploymentPostprocessing = 0;
		};
/* End PBXResourcesBuildPhase section */

/* Begin PBXSourcesBuildPhase section */
		FC7A0DD62395206D00AD7FD1 /* Sources */ = {
			isa = PBXSourcesBuildPhase;
			buildActionMask = 2147483647;
			files = (
				FC7A0DDE2395206D00AD7FD1 /* AppDelegate.swift in Sources */,
				FC7A0DE02395206D00AD7FD1 /* SceneDelegate.swift in Sources */,
				FC7A0DE22395206D00AD7FD1 /* ContentView.swift in Sources */,
			);
			runOnlyForDeploymentPostprocessing = 0;
		};
/* End PBXSourcesBuildPhase section */

/* Begin PBXVariantGroup section */
		FC7A0DE82395207300AD7FD1 /* LaunchScreen.storyboard */ = {
			isa = PBXVariantGroup;
			children = (
				FC7A0DE92395207300AD7FD1 /* Base */,
			);
			name = LaunchScreen.storyboard;
			sourceTree = "<group>";
		};
/* End PBXVariantGroup section */

/* Begin XCBuildConfiguration section */
		FC7A0DEC2395207300AD7FD1 /* Debug */ = {
			isa = XCBuildConfiguration;
			buildSettings = {
				ALWAYS_SEARCH_USER_PATHS = NO;
				CLANG_ANALYZER_NONNULL = YES;
				CLANG_ANALYZER_NUMBER_OBJECT_CONVERSION = YES_AGGRESSIVE;
				CLANG_CXX_LANGUAGE_STANDARD = "gnu++14";
				CLANG_CXX_LIBRARY = "libc++";
				CLANG_ENABLE_MODULES = YES;
				CLANG_ENABLE_OBJC_ARC = YES;
				CLANG_ENABLE_OBJC_WEAK = YES;
				CLANG_WARN_BLOCK_CAPTURE_AUTORELEASING = YES;
				CLANG_WARN_BOOL_CONVERSION = YES;
				CLANG_WARN_COMMA = YES;
				CLANG_WARN_CONSTANT_CONVERSION = YES;
				CLANG_WARN_DEPRECATED_OBJC_IMPLEMENTATIONS = YES;
				CLANG_WARN_DIRECT_OBJC_ISA_USAGE = YES_ERROR;
				CLANG_WARN_DOCUMENTATION_COMMENTS = YES;
				CLANG_WARN_EMPTY_BODY = YES;
				CLANG_WARN_ENUM_CONVERSION = YES;
				CLANG_WARN_INFINITE_RECURSION = YES;
				CLANG_WARN_INT_CONVERSION = YES;
				CLANG_WARN_NON_LITERAL_NULL_CONVERSION = YES;
				CLANG_WARN_OBJC_IMPLICIT_RETAIN_SELF = YES;
				CLANG_WARN_OBJC_LITERAL_CONVERSION = YES;
				CLANG_WARN_OBJC_ROOT_CLASS = YES_ERROR;
				CLANG_WARN_RANGE_LOOP_ANALYSIS = YES;
				CLANG_WARN_STRICT_PROTOTYPES = YES;
				CLANG_WARN_SUSPICIOUS_MOVE = YES;
				CLANG_WARN_UNGUARDED_AVAILABILITY = YES_AGGRESSIVE;
				CLANG_WARN_UNREACHABLE_CODE = YES;
				CLANG_WARN__DUPLICATE_METHOD_MATCH = YES;
				COPY_PHASE_STRIP = NO;
				DEBUG_INFORMATION_FORMAT = dwarf;
				ENABLE_STRICT_OBJC_MSGSEND = YES;
				ENABLE_TESTABILITY = YES;
				GCC_C_LANGUAGE_STANDARD = gnu11;
				GCC_DYNAMIC_NO_PIC = NO;
				GCC_NO_COMMON_BLOCKS = YES;
				GCC_OPTIMIZATION_LEVEL = 0;
				GCC_PREPROCESSOR_DEFINITIONS = (
					"DEBUG=1",
					"$(inherited)",
				);
				GCC_WARN_64_TO_32_BIT_CONVERSION = YES;
				GCC_WARN_ABOUT_RETURN_TYPE = YES_ERROR;
				GCC_WARN_UNDECLARED_SELECTOR = YES;
				GCC_WARN_UNINITIALIZED_AUTOS = YES_AGGRESSIVE;
				GCC_WARN_UNUSED_FUNCTION = YES;
				GCC_WARN_UNUSED_VARIABLE = YES;
				IPHONEOS_DEPLOYMENT_TARGET = 13.2;
				MTL_ENABLE_DEBUG_INFO = INCLUDE_SOURCE;
				MTL_FAST_MATH = YES;
				ONLY_ACTIVE_ARCH = YES;
				SDKROOT = iphoneos;
				SWIFT_ACTIVE_COMPILATION_CONDITIONS = DEBUG;
				SWIFT_OPTIMIZATION_LEVEL = "-Onone";
			};
			name = Debug;
		};
		FC7A0DED2395207300AD7FD1 /* Release */ = {
			isa = XCBuildConfiguration;
			buildSettings = {
				ALWAYS_SEARCH_USER_PATHS = NO;
				CLANG_ANALYZER_NONNULL = YES;
				CLANG_ANALYZER_NUMBER_OBJECT_CONVERSION = YES_AGGRESSIVE;
				CLANG_CXX_LANGUAGE_STANDARD = "gnu++14";
				CLANG_CXX_LIBRARY = "libc++";
				CLANG_ENABLE_MODULES = YES;
				CLANG_ENABLE_OBJC_ARC = YES;
				CLANG_ENABLE_OBJC_WEAK = YES;
				CLANG_WARN_BLOCK_CAPTURE_AUTORELEASING = YES;
				CLANG_WARN_BOOL_CONVERSION = YES;
				CLANG_WARN_COMMA = YES;
				CLANG_WARN_CONSTANT_CONVERSION = YES;
				CLANG_WARN_DEPRECATED_OBJC_IMPLEMENTATIONS = YES;
				CLANG_WARN_DIRECT_OBJC_ISA_USAGE = YES_ERROR;
				CLANG_WARN_DOCUMENTATION_COMMENTS = YES;
				CLANG_WARN_EMPTY_BODY = YES;
				CLANG_WARN_ENUM_CONVERSION = YES;
				CLANG_WARN_INFINITE_RECURSION = YES;
				CLANG_WARN_INT_CONVERSION = YES;
				CLANG_WARN_NON_LITERAL_NULL_CONVERSION = YES;
				CLANG_WARN_OBJC_IMPLICIT_RETAIN_SELF = YES;
				CLANG_WARN_OBJC_LITERAL_CONVERSION = YES;
				CLANG_WARN_OBJC_ROOT_CLASS = YES_ERROR;
				CLANG_WARN_RANGE_LOOP_ANALYSIS = YES;
				CLANG_WARN_STRICT_PROTOTYPES = YES;
				CLANG_WARN_SUSPICIOUS_MOVE = YES;
				CLANG_WARN_UNGUARDED_AVAILABILITY = YES_AGGRESSIVE;
				CLANG_WARN_UNREACHABLE_CODE = YES;
				CLANG_WARN__DUPLICATE_METHOD_MATCH = YES;
				COPY_PHASE_STRIP = NO;
				DEBUG_INFORMATION_FORMAT = "dwarf-with-dsym";
				ENABLE_NS_ASSERTIONS = NO;
				ENABLE_STRICT_OBJC_MSGSEND = YES;
				GCC_C_LANGUAGE_STANDARD = gnu11;
				GCC_NO_COMMON_BLOCKS = YES;
				GCC_WARN_64_TO_32_BIT_CONVERSION = YES;
				GCC_WARN_ABOUT_RETURN_TYPE = YES_ERROR;
				GCC_WARN_UNDECLARED_SELECTOR = YES;
				GCC_WARN_UNINITIALIZED_AUTOS = YES_AGGRESSIVE;
				GCC_WARN_UNUSED_FUNCTION = YES;
				GCC_WARN_UNUSED_VARIABLE = YES;
				IPHONEOS_DEPLOYMENT_TARGET = 13.2;
				MTL_ENABLE_DEBUG_INFO = NO;
				MTL_FAST_MATH = YES;
				SDKROOT = iphoneos;
				SWIFT_COMPILATION_MODE = wholemodule;
				SWIFT_OPTIMIZATION_LEVEL = "-O";
				VALIDATE_PRODUCT = YES;
			};
			name = Release;
		};
		FC7A0DEF2395207300AD7FD1 /* Debug */ = {
			isa = XCBuildConfiguration;
			buildSettings = {
				ASSETCATALOG_COMPILER_APPICON_NAME = AppIcon;
				CODE_SIGN_STYLE = Automatic;
				DEVELOPMENT_ASSET_PATHS = "\"SwiftUI_State/Preview Content\"";
				DEVELOPMENT_TEAM = Y7TNCJPS5N;
				ENABLE_PREVIEWS = YES;
				INFOPLIST_FILE = SwiftUI_State/Info.plist;
				LD_RUNPATH_SEARCH_PATHS = (
					"$(inherited)",
					"@executable_path/Frameworks",
				);
				PRODUCT_BUNDLE_IDENTIFIER = "com.ac10qt.SwiftUI-State";
				PRODUCT_NAME = "$(TARGET_NAME)";
				SWIFT_VERSION = 5.0;
				TARGETED_DEVICE_FAMILY = "1,2";
			};
			name = Debug;
		};
		FC7A0DF02395207300AD7FD1 /* Release */ = {
			isa = XCBuildConfiguration;
			buildSettings = {
				ASSETCATALOG_COMPILER_APPICON_NAME = AppIcon;
				CODE_SIGN_STYLE = Automatic;
				DEVELOPMENT_ASSET_PATHS = "\"SwiftUI_State/Preview Content\"";
				DEVELOPMENT_TEAM = Y7TNCJPS5N;
				ENABLE_PREVIEWS = YES;
				INFOPLIST_FILE = SwiftUI_State/Info.plist;
				LD_RUNPATH_SEARCH_PATHS = (
					"$(inherited)",
					"@executable_path/Frameworks",
				);
				PRODUCT_BUNDLE_IDENTIFIER = "com.ac10qt.SwiftUI-State";
				PRODUCT_NAME = "$(TARGET_NAME)";
				SWIFT_VERSION = 5.0;
				TARGETED_DEVICE_FAMILY = "1,2";
			};
			name = Release;
		};
/* End XCBuildConfiguration section */

/* Begin XCConfigurationList section */
		FC7A0DD52395206D00AD7FD1 /* Build configuration list for PBXProject "SwiftUI_State" */ = {
			isa = XCConfigurationList;
			buildConfigurations = (
				FC7A0DEC2395207300AD7FD1 /* Debug */,
				FC7A0DED2395207300AD7FD1 /* Release */,
			);
			defaultConfigurationIsVisible = 0;
			defaultConfigurationName = Release;
		};
		FC7A0DEE2395207300AD7FD1 /* Build configuration list for PBXNativeTarget "SwiftUI_State" */ = {
			isa = XCConfigurationList;
			buildConfigurations = (
				FC7A0DEF2395207300AD7FD1 /* Debug */,
				FC7A0DF02395207300AD7FD1 /* Release */,
			);
			defaultConfigurationIsVisible = 0;
			defaultConfigurationName = Release;
		};
/* End XCConfigurationList section */
	};
	rootObject = FC7A0DD22395206D00AD7FD1 /* Project object */;
}
